
Microsoft Visual Studio Solution File, Format Version 12.00
# Visual Studio 15
VisualStudioVersion = 15.0.27004.2002
MinimumVisualStudioVersion = 10.0.40219.1
Project("{FAE04EC0-301F-11D3-BF4B-00C04F79EFBC}") = "esquire1", "esquire1\esquire1.csproj", "{3F0B6633-7AAB-4EEA-BCD4-AFA12FA24674}"
EndProject
Global
	GlobalSection(SolutionConfigurationPlatforms) = preSolution
		Debug|Any CPU = Debug|Any CPU
		Release|Any CPU = Release|Any CPU
	EndGlobalSection
	GlobalSection(ProjectConfigurationPlatforms) = postSolution
		{3F0B6633-7AAB-4EEA-BCD4-AFA12FA24674}.Debug|Any CPU.ActiveCfg = Debug|Any CPU
		{3F0B6633-7AAB-4EEA-BCD4-AFA12FA24674}.Debug|Any CPU.Build.0 = Debug|Any CPU
		{3F0B6633-7AAB-4EEA-BCD4-AFA12FA24674}.Release|Any CPU.ActiveCfg = Release|Any CPU
		{3F0B6633-7AAB-4EEA-BCD4-AFA12FA24674}.Release|Any CPU.Build.0 = Release|Any CPU
	EndGlobalSection
	GlobalSection(SolutionProperties) = preSolution
		HideSolutionNode = FALSE
	EndGlobalSection
	GlobalSection(ExtensibilityGlobals) = postSolution
		SolutionGuid = {565B01E6-C453-4D0C-9A22-1D07F7FBC10E}
	EndGlobalSection
EndGlobal
